
Microsoft Visual Studio Solution File, Format Version 12.00
# Visual Studio Version 17
VisualStudioVersion = 17.3.32901.215
MinimumVisualStudioVersion = 10.0.40219.1
Project("{FAE04EC0-301F-11D3-BF4B-00C04F79EFBC}") = "MassDownload", "MassDownload.csproj", "{269E2BBE-2D0E-4DDD-8BA3-701F6520B1DB}"
EndProject
Global
	GlobalSection(SolutionConfigurationPlatforms) = preSolution
		Debug|Any CPU = Debug|Any CPU
		Release|Any CPU = Release|Any CPU
	EndGlobalSection
	GlobalSection(ProjectConfigurationPlatforms) = postSolution
		{269E2BBE-2D0E-4DDD-8BA3-701F6520B1DB}.Debug|Any CPU.ActiveCfg = Debug|Any CPU
		{269E2BBE-2D0E-4DDD-8BA3-701F6520B1DB}.Debug|Any CPU.Build.0 = Debug|Any CPU
		{269E2BBE-2D0E-4DDD-8BA3-701F6520B1DB}.Release|Any CPU.ActiveCfg = Release|Any CPU
		{269E2BBE-2D0E-4DDD-8BA3-701F6520B1DB}.Release|Any CPU.Build.0 = Release|Any CPU
	EndGlobalSection
	GlobalSection(SolutionProperties) = preSolution
		HideSolutionNode = FALSE
	EndGlobalSection
	GlobalSection(ExtensibilityGlobals) = postSolution
		SolutionGuid = {D7B13EC0-E9D7-4704-B072-F054119F1D9B}
	EndGlobalSection
EndGlobal
