
Microsoft Visual Studio Solution File, Format Version 12.00
# Visual Studio Version 17
VisualStudioVersion = 17.3.32901.215
MinimumVisualStudioVersion = 10.0.40219.1
Project("{FAE04EC0-301F-11D3-BF4B-00C04F79EFBC}") = "MassUpload", "MassUpload.csproj", "{1A2FBA76-4827-4305-BA81-5C96F689564B}"
EndProject
Global
	GlobalSection(SolutionConfigurationPlatforms) = preSolution
		Debug|Any CPU = Debug|Any CPU
		Release|Any CPU = Release|Any CPU
	EndGlobalSection
	GlobalSection(ProjectConfigurationPlatforms) = postSolution
		{1A2FBA76-4827-4305-BA81-5C96F689564B}.Debug|Any CPU.ActiveCfg = Debug|Any CPU
		{1A2FBA76-4827-4305-BA81-5C96F689564B}.Debug|Any CPU.Build.0 = Debug|Any CPU
		{1A2FBA76-4827-4305-BA81-5C96F689564B}.Release|Any CPU.ActiveCfg = Release|Any CPU
		{1A2FBA76-4827-4305-BA81-5C96F689564B}.Release|Any CPU.Build.0 = Release|Any CPU
	EndGlobalSection
	GlobalSection(SolutionProperties) = preSolution
		HideSolutionNode = FALSE
	EndGlobalSection
	GlobalSection(ExtensibilityGlobals) = postSolution
		SolutionGuid = {83BF503B-054C-434E-9A72-F31FDE715352}
	EndGlobalSection
EndGlobal
